
Microsoft Visual Studio Solution File, Format Version 12.00
# Visual Studio Version 17
VisualStudioVersion = 17.2.32526.322
MinimumVisualStudioVersion = 10.0.40219.1
Project("{2150E333-8FDC-42A3-9474-1A3956D46DE8}") = "Services", "Services", "{E82C168C-171A-45C8-83FD-AF7FA61149E0}"
EndProject
Project("{2150E333-8FDC-42A3-9474-1A3956D46DE8}") = "Catalog", "Catalog", "{E4DE7022-505A-4367-8119-66C5E169F244}"
EndProject
Project("{9A19103F-16F7-4668-BE54-9A1E7A4F7556}") = "Catalog.API", "Services\Catalog\Catalog.API\Catalog.API.csproj", "{4043DFF5-489A-442B-9EA5-55808F439E3A}"
EndProject
Project("{E53339B2-1760-4266-BCC7-CA923CBCF16C}") = "docker-compose", "docker-compose.dcproj", "{0505598C-91BD-475C-88B0-BB3168ABB287}"
EndProject
Project("{2150E333-8FDC-42A3-9474-1A3956D46DE8}") = "Basket", "Basket", "{B3516F6B-1B77-4B92-8EFB-325959143AC1}"
EndProject
Project("{2150E333-8FDC-42A3-9474-1A3956D46DE8}") = "SealCatalog", "SealCatalog", "{92730530-6B2B-4B7E-8919-F5D3DCC439DD}"
EndProject
Project("{9A19103F-16F7-4668-BE54-9A1E7A4F7556}") = "Basket.API", "Services\Basket\Basket.API\Basket.API.csproj", "{55AC8AA7-0FA5-4ABE-90E0-EB7A3ABAA737}"
EndProject
Project("{9A19103F-16F7-4668-BE54-9A1E7A4F7556}") = "SealCatalog.API", "Services\SealCatalog\SealCatalog.API\SealCatalog.API.csproj", "{62BDCCBF-C713-4F68-9C97-50CD2D9E596B}"
EndProject
Project("{2150E333-8FDC-42A3-9474-1A3956D46DE8}") = "Discount", "Discount", "{0FC85176-CAA7-434C-B1D8-CE34F8A46C2E}"
EndProject
Project("{9A19103F-16F7-4668-BE54-9A1E7A4F7556}") = "Discount.API", "Services\Discount\Discount.API\Discount.API.csproj", "{67163CE0-29EA-48E5-996E-9BD5E4A57EDB}"
EndProject
Project("{FAE04EC0-301F-11D3-BF4B-00C04F79EFBC}") = "Discount.Grpc", "Services\Discount\Discount.Grpc\Discount.Grpc.csproj", "{4442BEAA-4787-43AF-BF91-72BF70D0BEBC}"
EndProject
Global
	GlobalSection(SolutionConfigurationPlatforms) = preSolution
		Debug|Any CPU = Debug|Any CPU
		Release|Any CPU = Release|Any CPU
	EndGlobalSection
	GlobalSection(ProjectConfigurationPlatforms) = postSolution
		{4043DFF5-489A-442B-9EA5-55808F439E3A}.Debug|Any CPU.ActiveCfg = Debug|Any CPU
		{4043DFF5-489A-442B-9EA5-55808F439E3A}.Debug|Any CPU.Build.0 = Debug|Any CPU
		{4043DFF5-489A-442B-9EA5-55808F439E3A}.Release|Any CPU.ActiveCfg = Release|Any CPU
		{4043DFF5-489A-442B-9EA5-55808F439E3A}.Release|Any CPU.Build.0 = Release|Any CPU
		{0505598C-91BD-475C-88B0-BB3168ABB287}.Debug|Any CPU.ActiveCfg = Debug|Any CPU
		{0505598C-91BD-475C-88B0-BB3168ABB287}.Debug|Any CPU.Build.0 = Debug|Any CPU
		{0505598C-91BD-475C-88B0-BB3168ABB287}.Release|Any CPU.ActiveCfg = Release|Any CPU
		{0505598C-91BD-475C-88B0-BB3168ABB287}.Release|Any CPU.Build.0 = Release|Any CPU
		{55AC8AA7-0FA5-4ABE-90E0-EB7A3ABAA737}.Debug|Any CPU.ActiveCfg = Debug|Any CPU
		{55AC8AA7-0FA5-4ABE-90E0-EB7A3ABAA737}.Debug|Any CPU.Build.0 = Debug|Any CPU
		{55AC8AA7-0FA5-4ABE-90E0-EB7A3ABAA737}.Release|Any CPU.ActiveCfg = Release|Any CPU
		{55AC8AA7-0FA5-4ABE-90E0-EB7A3ABAA737}.Release|Any CPU.Build.0 = Release|Any CPU
		{62BDCCBF-C713-4F68-9C97-50CD2D9E596B}.Debug|Any CPU.ActiveCfg = Debug|Any CPU
		{62BDCCBF-C713-4F68-9C97-50CD2D9E596B}.Debug|Any CPU.Build.0 = Debug|Any CPU
		{62BDCCBF-C713-4F68-9C97-50CD2D9E596B}.Release|Any CPU.ActiveCfg = Release|Any CPU
		{62BDCCBF-C713-4F68-9C97-50CD2D9E596B}.Release|Any CPU.Build.0 = Release|Any CPU
		{67163CE0-29EA-48E5-996E-9BD5E4A57EDB}.Debug|Any CPU.ActiveCfg = Debug|Any CPU
		{67163CE0-29EA-48E5-996E-9BD5E4A57EDB}.Debug|Any CPU.Build.0 = Debug|Any CPU
		{67163CE0-29EA-48E5-996E-9BD5E4A57EDB}.Release|Any CPU.ActiveCfg = Release|Any CPU
		{67163CE0-29EA-48E5-996E-9BD5E4A57EDB}.Release|Any CPU.Build.0 = Release|Any CPU
		{4442BEAA-4787-43AF-BF91-72BF70D0BEBC}.Debug|Any CPU.ActiveCfg = Debug|Any CPU
		{4442BEAA-4787-43AF-BF91-72BF70D0BEBC}.Debug|Any CPU.Build.0 = Debug|Any CPU
		{4442BEAA-4787-43AF-BF91-72BF70D0BEBC}.Release|Any CPU.ActiveCfg = Release|Any CPU
		{4442BEAA-4787-43AF-BF91-72BF70D0BEBC}.Release|Any CPU.Build.0 = Release|Any CPU
	EndGlobalSection
	GlobalSection(SolutionProperties) = preSolution
		HideSolutionNode = FALSE
	EndGlobalSection
	GlobalSection(NestedProjects) = preSolution
		{E4DE7022-505A-4367-8119-66C5E169F244} = {E82C168C-171A-45C8-83FD-AF7FA61149E0}
		{4043DFF5-489A-442B-9EA5-55808F439E3A} = {E4DE7022-505A-4367-8119-66C5E169F244}
		{B3516F6B-1B77-4B92-8EFB-325959143AC1} = {E82C168C-171A-45C8-83FD-AF7FA61149E0}
		{92730530-6B2B-4B7E-8919-F5D3DCC439DD} = {E82C168C-171A-45C8-83FD-AF7FA61149E0}
		{55AC8AA7-0FA5-4ABE-90E0-EB7A3ABAA737} = {B3516F6B-1B77-4B92-8EFB-325959143AC1}
		{62BDCCBF-C713-4F68-9C97-50CD2D9E596B} = {92730530-6B2B-4B7E-8919-F5D3DCC439DD}
		{0FC85176-CAA7-434C-B1D8-CE34F8A46C2E} = {E82C168C-171A-45C8-83FD-AF7FA61149E0}
		{67163CE0-29EA-48E5-996E-9BD5E4A57EDB} = {0FC85176-CAA7-434C-B1D8-CE34F8A46C2E}
		{4442BEAA-4787-43AF-BF91-72BF70D0BEBC} = {0FC85176-CAA7-434C-B1D8-CE34F8A46C2E}
	EndGlobalSection
	GlobalSection(ExtensibilityGlobals) = postSolution
		SolutionGuid = {2C326AFD-6623-42BB-8883-06711FFC277E}
	EndGlobalSection
EndGlobal
